
Microsoft Visual Studio Solution File, Format Version 12.00
# Visual Studio Version 17
VisualStudioVersion = 17.8.34330.188
MinimumVisualStudioVersion = 10.0.40219.1
Project("{FAE04EC0-301F-11D3-BF4B-00C04F79EFBC}") = "TrainingTaskFakeAPI", "TrainingTaskFakeAPI\TrainingTaskFakeAPI.csproj", "{6C2FF7AE-819F-4A42-BB57-B2FBEF6C56A8}"
EndProject
Global
	GlobalSection(SolutionConfigurationPlatforms) = preSolution
		Debug|Any CPU = Debug|Any CPU
		Release|Any CPU = Release|Any CPU
	EndGlobalSection
	GlobalSection(ProjectConfigurationPlatforms) = postSolution
		{6C2FF7AE-819F-4A42-BB57-B2FBEF6C56A8}.Debug|Any CPU.ActiveCfg = Debug|Any CPU
		{6C2FF7AE-819F-4A42-BB57-B2FBEF6C56A8}.Debug|Any CPU.Build.0 = Debug|Any CPU
		{6C2FF7AE-819F-4A42-BB57-B2FBEF6C56A8}.Release|Any CPU.ActiveCfg = Release|Any CPU
		{6C2FF7AE-819F-4A42-BB57-B2FBEF6C56A8}.Release|Any CPU.Build.0 = Release|Any CPU
	EndGlobalSection
	GlobalSection(SolutionProperties) = preSolution
		HideSolutionNode = FALSE
	EndGlobalSection
	GlobalSection(ExtensibilityGlobals) = postSolution
		SolutionGuid = {E5485708-A434-4E97-85F4-99EFC8A56D3F}
	EndGlobalSection
EndGlobal
